
Microsoft Visual Studio Solution File, Format Version 12.00
# Visual Studio Version 16
VisualStudioVersion = 16.0.29021.104
MinimumVisualStudioVersion = 10.0.40219.1
Project("{FAE04EC0-301F-11D3-BF4B-00C04F79EFBC}") = "SendSMSForMC", "SendSMSForMC\SendSMSForMC.csproj", "{B3E74051-118E-46FD-8B81-7A5D46BEE31D}"
EndProject
Global
	GlobalSection(SolutionConfigurationPlatforms) = preSolution
		Debug|Any CPU = Debug|Any CPU
		Release|Any CPU = Release|Any CPU
	EndGlobalSection
	GlobalSection(ProjectConfigurationPlatforms) = postSolution
		{B3E74051-118E-46FD-8B81-7A5D46BEE31D}.Debug|Any CPU.ActiveCfg = Debug|Any CPU
		{B3E74051-118E-46FD-8B81-7A5D46BEE31D}.Debug|Any CPU.Build.0 = Debug|Any CPU
		{B3E74051-118E-46FD-8B81-7A5D46BEE31D}.Release|Any CPU.ActiveCfg = Release|Any CPU
		{B3E74051-118E-46FD-8B81-7A5D46BEE31D}.Release|Any CPU.Build.0 = Release|Any CPU
	EndGlobalSection
	GlobalSection(SolutionProperties) = preSolution
		HideSolutionNode = FALSE
	EndGlobalSection
	GlobalSection(ExtensibilityGlobals) = postSolution
		SolutionGuid = {5B7B41DB-1EE8-486E-8CEE-FF5E4281FE36}
	EndGlobalSection
EndGlobal
